PODS:
  - Socket.IO-Client-Swift (13.1.1):
    - Starscream (~> 3.0.2)
  - Starscream (3.0.4)

DEPENDENCIES:
  - Socket.IO-Client-Swift (~> 13.1.0)

SPEC CHECKSUMS:
  Socket.IO-Client-Swift: f22222913f29801e30ae0df712db663ec096edc2
  Starscream: f5da93fe6984c77b694366bf7299b7dc63a76f26

PODFILE CHECKSUM: 61df46974be5e33579726ce6482c8cd2c1edc4ce

COCOAPODS: 1.4.0
